
Microsoft Visual Studio Solution File, Format Version 12.00
# Visual Studio Version 16
VisualStudioVersion = 16.0.28803.202
MinimumVisualStudioVersion = 10.0.40219.1
Project("{FAE04EC0-301F-11D3-BF4B-00C04F79EFBC}") = "Launcher", "Launcher\Launcher.csproj", "{D8BA27F3-1C82-4CD0-AB90-EA5E03DC6AD4}"
EndProject
Global
	GlobalSection(SolutionConfigurationPlatforms) = preSolution
		Debug|Any CPU = Debug|Any CPU
		Release|Any CPU = Release|Any CPU
	EndGlobalSection
	GlobalSection(ProjectConfigurationPlatforms) = postSolution
		{D8BA27F3-1C82-4CD0-AB90-EA5E03DC6AD4}.Debug|Any CPU.ActiveCfg = Debug|Any CPU
		{D8BA27F3-1C82-4CD0-AB90-EA5E03DC6AD4}.Debug|Any CPU.Build.0 = Debug|Any CPU
		{D8BA27F3-1C82-4CD0-AB90-EA5E03DC6AD4}.Release|Any CPU.ActiveCfg = Release|Any CPU
		{D8BA27F3-1C82-4CD0-AB90-EA5E03DC6AD4}.Release|Any CPU.Build.0 = Release|Any CPU
	EndGlobalSection
	GlobalSection(SolutionProperties) = preSolution
		HideSolutionNode = FALSE
	EndGlobalSection
	GlobalSection(ExtensibilityGlobals) = postSolution
		SolutionGuid = {1876DAC9-F369-4F62-8BF0-D4CED5790F9B}
	EndGlobalSection
EndGlobal
